
Microsoft Visual Studio Solution File, Format Version 12.00
# Visual Studio 15
VisualStudioVersion = 15.0.27004.2005
MinimumVisualStudioVersion = 10.0.40219.1
Project("{FAE04EC0-301F-11D3-BF4B-00C04F79EFBC}") = "WcfService1", "WcfService1\WcfService1.csproj", "{AAC864A6-F786-4A7F-A925-CAE515E71338}"
EndProject
Global
	GlobalSection(SolutionConfigurationPlatforms) = preSolution
		Debug|Any CPU = Debug|Any CPU
		Release|Any CPU = Release|Any CPU
	EndGlobalSection
	GlobalSection(ProjectConfigurationPlatforms) = postSolution
		{AAC864A6-F786-4A7F-A925-CAE515E71338}.Debug|Any CPU.ActiveCfg = Debug|Any CPU
		{AAC864A6-F786-4A7F-A925-CAE515E71338}.Debug|Any CPU.Build.0 = Debug|Any CPU
		{AAC864A6-F786-4A7F-A925-CAE515E71338}.Release|Any CPU.ActiveCfg = Release|Any CPU
		{AAC864A6-F786-4A7F-A925-CAE515E71338}.Release|Any CPU.Build.0 = Release|Any CPU
	EndGlobalSection
	GlobalSection(SolutionProperties) = preSolution
		HideSolutionNode = FALSE
	EndGlobalSection
	GlobalSection(ExtensibilityGlobals) = postSolution
		SolutionGuid = {CB19A539-79CA-4B8F-9B48-DB7D9FEEEA1A}
	EndGlobalSection
EndGlobal
